
Microsoft Visual Studio Solution File, Format Version 12.00
# Visual Studio Version 17
VisualStudioVersion = 17.2.32516.85
MinimumVisualStudioVersion = 10.0.40219.1
Project("{9A19103F-16F7-4668-BE54-9A1E7A4F7556}") = "PhoenixToolkits.ExpectedObjects.Extend", "PhoenixToolkits.ExpectedObjects.Extend\PhoenixToolkits.ExpectedObjects.Extend.csproj", "{DCAE24AC-075D-4AF7-89CB-AA88D300CE92}"
EndProject
Project("{FAE04EC0-301F-11D3-BF4B-00C04F79EFBC}") = "PhoenixToolkits.ExpectedObjects.Extend.UnitTests", "PhoenixToolkits.ExpectedObjects.Extend.UnitTests\PhoenixToolkits.ExpectedObjects.Extend.UnitTests.csproj", "{FB377B55-035F-4A07-9C57-20A405BB7BD5}"
EndProject
Global
	GlobalSection(SolutionConfigurationPlatforms) = preSolution
		Debug|Any CPU = Debug|Any CPU
		Release|Any CPU = Release|Any CPU
	EndGlobalSection
	GlobalSection(ProjectConfigurationPlatforms) = postSolution
		{DCAE24AC-075D-4AF7-89CB-AA88D300CE92}.Debug|Any CPU.ActiveCfg = Debug|Any CPU
		{DCAE24AC-075D-4AF7-89CB-AA88D300CE92}.Debug|Any CPU.Build.0 = Debug|Any CPU
		{DCAE24AC-075D-4AF7-89CB-AA88D300CE92}.Release|Any CPU.ActiveCfg = Release|Any CPU
		{DCAE24AC-075D-4AF7-89CB-AA88D300CE92}.Release|Any CPU.Build.0 = Release|Any CPU
		{FB377B55-035F-4A07-9C57-20A405BB7BD5}.Debug|Any CPU.ActiveCfg = Debug|Any CPU
		{FB377B55-035F-4A07-9C57-20A405BB7BD5}.Debug|Any CPU.Build.0 = Debug|Any CPU
		{FB377B55-035F-4A07-9C57-20A405BB7BD5}.Release|Any CPU.ActiveCfg = Release|Any CPU
		{FB377B55-035F-4A07-9C57-20A405BB7BD5}.Release|Any CPU.Build.0 = Release|Any CPU
	EndGlobalSection
	GlobalSection(SolutionProperties) = preSolution
		HideSolutionNode = FALSE
	EndGlobalSection
	GlobalSection(ExtensibilityGlobals) = postSolution
		SolutionGuid = {AB8CAF89-9769-47C0-8DC0-EF898E9A58C4}
	EndGlobalSection
EndGlobal
